
Microsoft Visual Studio Solution File, Format Version 12.00
# Visual Studio Version 17
VisualStudioVersion = 17.6.33606.364
MinimumVisualStudioVersion = 10.0.40219.1
Project("{9A19103F-16F7-4668-BE54-9A1E7A4F7556}") = "SimpleWpfWindowDemo", "SimpleWpfWindowDemo\SimpleWpfWindowDemo.csproj", "{7A5F968C-3C2D-4795-A3DB-86A808DAC52B}"
EndProject
Project("{2150E333-8FDC-42A3-9474-1A3956D46DE8}") = "Session 2", "Session 2", "{99D80054-D836-4E56-9559-77F79B89C5B8}"
EndProject
Project("{9A19103F-16F7-4668-BE54-9A1E7A4F7556}") = "PropertyTriggerDemo", "PropertyTriggerDemo\PropertyTriggerDemo.csproj", "{B6C57E00-DC7B-4685-9267-606D154A4E64}"
EndProject
Project("{9A19103F-16F7-4668-BE54-9A1E7A4F7556}") = "AntiAliasingDemo", "AntiAliasingDemo\AntiAliasingDemo.csproj", "{0622D3B6-FB99-44EE-B2A5-CE0256FDC8DB}"
EndProject
Project("{9A19103F-16F7-4668-BE54-9A1E7A4F7556}") = "MarginAndPaddingDemo", "MarginAndPaddingDemo\MarginAndPaddingDemo.csproj", "{EF52B5D1-9D5D-4C8A-893D-AB61F10D8F27}"
EndProject
Project("{9A19103F-16F7-4668-BE54-9A1E7A4F7556}") = "CombiningMarginsDemo", "CombiningMarginsDemo\CombiningMarginsDemo.csproj", "{6F7127A4-B57E-4482-8119-2D2A4DBAF842}"
EndProject
Project("{9A19103F-16F7-4668-BE54-9A1E7A4F7556}") = "VisibilityDemo", "VisiblityDemo\VisibilityDemo.csproj", "{19E83595-7AB3-42DF-A9F8-E37C4FF751B8}"
EndProject
Project("{9A19103F-16F7-4668-BE54-9A1E7A4F7556}") = "AlignmentDemo", "AlignmentDemo\AlignmentDemo.csproj", "{156A0EA0-7EAA-4DF2-B0A9-65CB19205D84}"
EndProject
Project("{2150E333-8FDC-42A3-9474-1A3956D46DE8}") = "01 - WPF Overview", "01 - WPF Overview", "{9480B549-7EBD-455E-B4FB-50E8AD1555DC}"
EndProject
Project("{2150E333-8FDC-42A3-9474-1A3956D46DE8}") = "03 - Dependency Properties", "03 - Dependency Properties", "{22F33099-7B0E-42BB-A57B-9E2A5EEED263}"
EndProject
Project("{2150E333-8FDC-42A3-9474-1A3956D46DE8}") = "05 - Rendering", "05 - Rendering", "{54DD011D-374D-404C-ABF6-F4BF9AB88465}"
EndProject
Project("{2150E333-8FDC-42A3-9474-1A3956D46DE8}") = "05-02 - Margins", "05-02 - Margins", "{D3421992-44B1-41B6-9E78-1A1703F5D80D}"
EndProject
Project("{2150E333-8FDC-42A3-9474-1A3956D46DE8}") = "05-03 - Margins", "05-03 - Margins", "{25B81298-8CEF-4EC3-8BAE-BE2FF5801BE0}"
EndProject
Project("{2150E333-8FDC-42A3-9474-1A3956D46DE8}") = "05-04 - Visibility", "05-04 - Visibility", "{F290C610-F058-4331-80C9-730E27E0A384}"
EndProject
Project("{2150E333-8FDC-42A3-9474-1A3956D46DE8}") = "05-05 - Alignment", "05-05 - Alignment", "{13D5EF9D-355E-4D01-910B-0EC51F48FF09}"
EndProject
Global
	GlobalSection(SolutionConfigurationPlatforms) = preSolution
		Debug|Any CPU = Debug|Any CPU
		Release|Any CPU = Release|Any CPU
	EndGlobalSection
	GlobalSection(ProjectConfigurationPlatforms) = postSolution
		{7A5F968C-3C2D-4795-A3DB-86A808DAC52B}.Debug|Any CPU.ActiveCfg = Debug|Any CPU
		{7A5F968C-3C2D-4795-A3DB-86A808DAC52B}.Debug|Any CPU.Build.0 = Debug|Any CPU
		{7A5F968C-3C2D-4795-A3DB-86A808DAC52B}.Release|Any CPU.ActiveCfg = Release|Any CPU
		{7A5F968C-3C2D-4795-A3DB-86A808DAC52B}.Release|Any CPU.Build.0 = Release|Any CPU
		{B6C57E00-DC7B-4685-9267-606D154A4E64}.Debug|Any CPU.ActiveCfg = Debug|Any CPU
		{B6C57E00-DC7B-4685-9267-606D154A4E64}.Debug|Any CPU.Build.0 = Debug|Any CPU
		{B6C57E00-DC7B-4685-9267-606D154A4E64}.Release|Any CPU.ActiveCfg = Release|Any CPU
		{B6C57E00-DC7B-4685-9267-606D154A4E64}.Release|Any CPU.Build.0 = Release|Any CPU
		{0622D3B6-FB99-44EE-B2A5-CE0256FDC8DB}.Debug|Any CPU.ActiveCfg = Debug|Any CPU
		{0622D3B6-FB99-44EE-B2A5-CE0256FDC8DB}.Debug|Any CPU.Build.0 = Debug|Any CPU
		{0622D3B6-FB99-44EE-B2A5-CE0256FDC8DB}.Release|Any CPU.ActiveCfg = Release|Any CPU
		{0622D3B6-FB99-44EE-B2A5-CE0256FDC8DB}.Release|Any CPU.Build.0 = Release|Any CPU
		{EF52B5D1-9D5D-4C8A-893D-AB61F10D8F27}.Debug|Any CPU.ActiveCfg = Debug|Any CPU
		{EF52B5D1-9D5D-4C8A-893D-AB61F10D8F27}.Debug|Any CPU.Build.0 = Debug|Any CPU
		{EF52B5D1-9D5D-4C8A-893D-AB61F10D8F27}.Release|Any CPU.ActiveCfg = Release|Any CPU
		{EF52B5D1-9D5D-4C8A-893D-AB61F10D8F27}.Release|Any CPU.Build.0 = Release|Any CPU
		{6F7127A4-B57E-4482-8119-2D2A4DBAF842}.Debug|Any CPU.ActiveCfg = Debug|Any CPU
		{6F7127A4-B57E-4482-8119-2D2A4DBAF842}.Debug|Any CPU.Build.0 = Debug|Any CPU
		{6F7127A4-B57E-4482-8119-2D2A4DBAF842}.Release|Any CPU.ActiveCfg = Release|Any CPU
		{6F7127A4-B57E-4482-8119-2D2A4DBAF842}.Release|Any CPU.Build.0 = Release|Any CPU
		{19E83595-7AB3-42DF-A9F8-E37C4FF751B8}.Debug|Any CPU.ActiveCfg = Debug|Any CPU
		{19E83595-7AB3-42DF-A9F8-E37C4FF751B8}.Debug|Any CPU.Build.0 = Debug|Any CPU
		{19E83595-7AB3-42DF-A9F8-E37C4FF751B8}.Release|Any CPU.ActiveCfg = Release|Any CPU
		{19E83595-7AB3-42DF-A9F8-E37C4FF751B8}.Release|Any CPU.Build.0 = Release|Any CPU
		{156A0EA0-7EAA-4DF2-B0A9-65CB19205D84}.Debug|Any CPU.ActiveCfg = Debug|Any CPU
		{156A0EA0-7EAA-4DF2-B0A9-65CB19205D84}.Debug|Any CPU.Build.0 = Debug|Any CPU
		{156A0EA0-7EAA-4DF2-B0A9-65CB19205D84}.Release|Any CPU.ActiveCfg = Release|Any CPU
		{156A0EA0-7EAA-4DF2-B0A9-65CB19205D84}.Release|Any CPU.Build.0 = Release|Any CPU
	EndGlobalSection
	GlobalSection(SolutionProperties) = preSolution
		HideSolutionNode = FALSE
	EndGlobalSection
	GlobalSection(NestedProjects) = preSolution
		{7A5F968C-3C2D-4795-A3DB-86A808DAC52B} = {9480B549-7EBD-455E-B4FB-50E8AD1555DC}
		{B6C57E00-DC7B-4685-9267-606D154A4E64} = {22F33099-7B0E-42BB-A57B-9E2A5EEED263}
		{0622D3B6-FB99-44EE-B2A5-CE0256FDC8DB} = {54DD011D-374D-404C-ABF6-F4BF9AB88465}
		{EF52B5D1-9D5D-4C8A-893D-AB61F10D8F27} = {D3421992-44B1-41B6-9E78-1A1703F5D80D}
		{6F7127A4-B57E-4482-8119-2D2A4DBAF842} = {25B81298-8CEF-4EC3-8BAE-BE2FF5801BE0}
		{19E83595-7AB3-42DF-A9F8-E37C4FF751B8} = {F290C610-F058-4331-80C9-730E27E0A384}
		{156A0EA0-7EAA-4DF2-B0A9-65CB19205D84} = {13D5EF9D-355E-4D01-910B-0EC51F48FF09}
		{9480B549-7EBD-455E-B4FB-50E8AD1555DC} = {99D80054-D836-4E56-9559-77F79B89C5B8}
		{22F33099-7B0E-42BB-A57B-9E2A5EEED263} = {99D80054-D836-4E56-9559-77F79B89C5B8}
		{54DD011D-374D-404C-ABF6-F4BF9AB88465} = {99D80054-D836-4E56-9559-77F79B89C5B8}
		{D3421992-44B1-41B6-9E78-1A1703F5D80D} = {99D80054-D836-4E56-9559-77F79B89C5B8}
		{25B81298-8CEF-4EC3-8BAE-BE2FF5801BE0} = {99D80054-D836-4E56-9559-77F79B89C5B8}
		{F290C610-F058-4331-80C9-730E27E0A384} = {99D80054-D836-4E56-9559-77F79B89C5B8}
		{13D5EF9D-355E-4D01-910B-0EC51F48FF09} = {99D80054-D836-4E56-9559-77F79B89C5B8}
	EndGlobalSection
	GlobalSection(ExtensibilityGlobals) = postSolution
		SolutionGuid = {BB861058-4C88-4A71-9BC5-85B816B6468B}
	EndGlobalSection
EndGlobal
